{
  "lockfileVersion": 1,
  "configVersion": 1,
  "workspaces": {
    "": {
      "devDependencies": {
        "@daochild/agents-config": "^1.0.7",
      },
    },
  },
  "packages": {
    "@daochild/agents-config": ["@daochild/agents-config@1.0.7", "", {}, "sha512-cN3xmfCPF6rSdwYeOZYAMlW254Nb/s3QPFgnCHJSxm3qPq7MjiwRi1wkqyOFMo8VST6VR0h9bFZ34QCqwuKIug=="],
  }
}
